
Microsoft Visual Studio Solution File, Format Version 12.00
# Visual Studio 15
VisualStudioVersion = 15.0.26730.16
MinimumVisualStudioVersion = 10.0.40219.1
Project("{F184B08F-C81C-45F6-A57F-5ABD9991F28F}") = "LAB3", "LAB3\LAB3.vbproj", "{949DCE6D-849F-40D6-BE75-C8C39D18C795}"
EndProject
Global
	GlobalSection(SolutionConfigurationPlatforms) = preSolution
		Debug|Any CPU = Debug|Any CPU
		Release|Any CPU = Release|Any CPU
	EndGlobalSection
	GlobalSection(ProjectConfigurationPlatforms) = postSolution
		{949DCE6D-849F-40D6-BE75-C8C39D18C795}.Debug|Any CPU.ActiveCfg = Debug|Any CPU
		{949DCE6D-849F-40D6-BE75-C8C39D18C795}.Debug|Any CPU.Build.0 = Debug|Any CPU
		{949DCE6D-849F-40D6-BE75-C8C39D18C795}.Release|Any CPU.ActiveCfg = Release|Any CPU
		{949DCE6D-849F-40D6-BE75-C8C39D18C795}.Release|Any CPU.Build.0 = Release|Any CPU
	EndGlobalSection
	GlobalSection(SolutionProperties) = preSolution
		HideSolutionNode = FALSE
	EndGlobalSection
	GlobalSection(ExtensibilityGlobals) = postSolution
		SolutionGuid = {E8CB6E76-8F36-469A-803E-AAB8874B17A9}
	EndGlobalSection
EndGlobal
